
Microsoft Visual Studio Solution File, Format Version 12.00
# Visual Studio Version 17
VisualStudioVersion = 17.8.34601.278
MinimumVisualStudioVersion = 10.0.40219.1
Project("{2150E333-8FDC-42A3-9474-1A3956D46DE8}") = "WinUI3", "WinUI3", "{17FE7315-3045-4F68-8C66-12B12D79B074}"
EndProject
Project("{9A19103F-16F7-4668-BE54-9A1E7A4F7556}") = "AK.Toolkit.WinUI3.AutoCompleteTextBox", "WinUI3\AK.Toolkit.WinUI3.AutoCompleteTextBox\AK.Toolkit.WinUI3.AutoCompleteTextBox.csproj", "{5AECC00D-CC24-4A90-B037-81414758375D}"
EndProject
Project("{2150E333-8FDC-42A3-9474-1A3956D46DE8}") = "Samples", "Samples", "{A9475CA3-35DF-4B79-8E5F-DABE6E446104}"
EndProject
Project("{9A19103F-16F7-4668-BE54-9A1E7A4F7556}") = "AK.Toolkit.Samples", "Samples\AK.Toolkit.Samples\AK.Toolkit.Samples.csproj", "{B9CF9891-6F78-4DCE-83EA-35A2E1CE7C2B}"
EndProject
Project("{2150E333-8FDC-42A3-9474-1A3956D46DE8}") = "Utilities", "Utilities", "{1E997929-C1F4-48D4-A875-49F65A6B8C7B}"
EndProject
Project("{9A19103F-16F7-4668-BE54-9A1E7A4F7556}") = "AK.Toolkit.Utilities.RandomStringGenerator", "Utilities\AK.Toolkit.Utilities.RandomStringGenerator\AK.Toolkit.Utilities.RandomStringGenerator.csproj", "{E15F586B-E9DE-4131-ACA5-04D587EC004E}"
EndProject
Global
	GlobalSection(SolutionConfigurationPlatforms) = preSolution
		Debug|Any CPU = Debug|Any CPU
		Debug|ARM64 = Debug|ARM64
		Debug|x64 = Debug|x64
		Debug|x86 = Debug|x86
		Release|Any CPU = Release|Any CPU
		Release|ARM64 = Release|ARM64
		Release|x64 = Release|x64
		Release|x86 = Release|x86
	EndGlobalSection
	GlobalSection(ProjectConfigurationPlatforms) = postSolution
		{5AECC00D-CC24-4A90-B037-81414758375D}.Debug|Any CPU.ActiveCfg = Debug|Any CPU
		{5AECC00D-CC24-4A90-B037-81414758375D}.Debug|Any CPU.Build.0 = Debug|Any CPU
		{5AECC00D-CC24-4A90-B037-81414758375D}.Debug|ARM64.ActiveCfg = Debug|Any CPU
		{5AECC00D-CC24-4A90-B037-81414758375D}.Debug|ARM64.Build.0 = Debug|Any CPU
		{5AECC00D-CC24-4A90-B037-81414758375D}.Debug|x64.ActiveCfg = Debug|Any CPU
		{5AECC00D-CC24-4A90-B037-81414758375D}.Debug|x64.Build.0 = Debug|Any CPU
		{5AECC00D-CC24-4A90-B037-81414758375D}.Debug|x86.ActiveCfg = Debug|Any CPU
		{5AECC00D-CC24-4A90-B037-81414758375D}.Debug|x86.Build.0 = Debug|Any CPU
		{5AECC00D-CC24-4A90-B037-81414758375D}.Release|Any CPU.ActiveCfg = Release|Any CPU
		{5AECC00D-CC24-4A90-B037-81414758375D}.Release|Any CPU.Build.0 = Release|Any CPU
		{5AECC00D-CC24-4A90-B037-81414758375D}.Release|ARM64.ActiveCfg = Release|Any CPU
		{5AECC00D-CC24-4A90-B037-81414758375D}.Release|ARM64.Build.0 = Release|Any CPU
		{5AECC00D-CC24-4A90-B037-81414758375D}.Release|x64.ActiveCfg = Release|Any CPU
		{5AECC00D-CC24-4A90-B037-81414758375D}.Release|x64.Build.0 = Release|Any CPU
		{5AECC00D-CC24-4A90-B037-81414758375D}.Release|x86.ActiveCfg = Release|Any CPU
		{5AECC00D-CC24-4A90-B037-81414758375D}.Release|x86.Build.0 = Release|Any CPU
		{B9CF9891-6F78-4DCE-83EA-35A2E1CE7C2B}.Debug|Any CPU.ActiveCfg = Debug|x64
		{B9CF9891-6F78-4DCE-83EA-35A2E1CE7C2B}.Debug|Any CPU.Build.0 = Debug|x64
		{B9CF9891-6F78-4DCE-83EA-35A2E1CE7C2B}.Debug|Any CPU.Deploy.0 = Debug|x64
		{B9CF9891-6F78-4DCE-83EA-35A2E1CE7C2B}.Debug|ARM64.ActiveCfg = Debug|ARM64
		{B9CF9891-6F78-4DCE-83EA-35A2E1CE7C2B}.Debug|ARM64.Build.0 = Debug|ARM64
		{B9CF9891-6F78-4DCE-83EA-35A2E1CE7C2B}.Debug|ARM64.Deploy.0 = Debug|ARM64
		{B9CF9891-6F78-4DCE-83EA-35A2E1CE7C2B}.Debug|x64.ActiveCfg = Debug|x64
		{B9CF9891-6F78-4DCE-83EA-35A2E1CE7C2B}.Debug|x64.Build.0 = Debug|x64
		{B9CF9891-6F78-4DCE-83EA-35A2E1CE7C2B}.Debug|x64.Deploy.0 = Debug|x64
		{B9CF9891-6F78-4DCE-83EA-35A2E1CE7C2B}.Debug|x86.ActiveCfg = Debug|x86
		{B9CF9891-6F78-4DCE-83EA-35A2E1CE7C2B}.Debug|x86.Build.0 = Debug|x86
		{B9CF9891-6F78-4DCE-83EA-35A2E1CE7C2B}.Debug|x86.Deploy.0 = Debug|x86
		{B9CF9891-6F78-4DCE-83EA-35A2E1CE7C2B}.Release|Any CPU.ActiveCfg = Release|x64
		{B9CF9891-6F78-4DCE-83EA-35A2E1CE7C2B}.Release|Any CPU.Build.0 = Release|x64
		{B9CF9891-6F78-4DCE-83EA-35A2E1CE7C2B}.Release|Any CPU.Deploy.0 = Release|x64
		{B9CF9891-6F78-4DCE-83EA-35A2E1CE7C2B}.Release|ARM64.ActiveCfg = Release|ARM64
		{B9CF9891-6F78-4DCE-83EA-35A2E1CE7C2B}.Release|ARM64.Build.0 = Release|ARM64
		{B9CF9891-6F78-4DCE-83EA-35A2E1CE7C2B}.Release|ARM64.Deploy.0 = Release|ARM64
		{B9CF9891-6F78-4DCE-83EA-35A2E1CE7C2B}.Release|x64.ActiveCfg = Release|x64
		{B9CF9891-6F78-4DCE-83EA-35A2E1CE7C2B}.Release|x64.Build.0 = Release|x64
		{B9CF9891-6F78-4DCE-83EA-35A2E1CE7C2B}.Release|x64.Deploy.0 = Release|x64
		{B9CF9891-6F78-4DCE-83EA-35A2E1CE7C2B}.Release|x86.ActiveCfg = Release|x86
		{B9CF9891-6F78-4DCE-83EA-35A2E1CE7C2B}.Release|x86.Build.0 = Release|x86
		{B9CF9891-6F78-4DCE-83EA-35A2E1CE7C2B}.Release|x86.Deploy.0 = Release|x86
		{E15F586B-E9DE-4131-ACA5-04D587EC004E}.Debug|Any CPU.ActiveCfg = Debug|Any CPU
		{E15F586B-E9DE-4131-ACA5-04D587EC004E}.Debug|Any CPU.Build.0 = Debug|Any CPU
		{E15F586B-E9DE-4131-ACA5-04D587EC004E}.Debug|ARM64.ActiveCfg = Debug|Any CPU
		{E15F586B-E9DE-4131-ACA5-04D587EC004E}.Debug|ARM64.Build.0 = Debug|Any CPU
		{E15F586B-E9DE-4131-ACA5-04D587EC004E}.Debug|x64.ActiveCfg = Debug|Any CPU
		{E15F586B-E9DE-4131-ACA5-04D587EC004E}.Debug|x64.Build.0 = Debug|Any CPU
		{E15F586B-E9DE-4131-ACA5-04D587EC004E}.Debug|x86.ActiveCfg = Debug|Any CPU
		{E15F586B-E9DE-4131-ACA5-04D587EC004E}.Debug|x86.Build.0 = Debug|Any CPU
		{E15F586B-E9DE-4131-ACA5-04D587EC004E}.Release|Any CPU.ActiveCfg = Release|Any CPU
		{E15F586B-E9DE-4131-ACA5-04D587EC004E}.Release|Any CPU.Build.0 = Release|Any CPU
		{E15F586B-E9DE-4131-ACA5-04D587EC004E}.Release|ARM64.ActiveCfg = Release|Any CPU
		{E15F586B-E9DE-4131-ACA5-04D587EC004E}.Release|ARM64.Build.0 = Release|Any CPU
		{E15F586B-E9DE-4131-ACA5-04D587EC004E}.Release|x64.ActiveCfg = Release|Any CPU
		{E15F586B-E9DE-4131-ACA5-04D587EC004E}.Release|x64.Build.0 = Release|Any CPU
		{E15F586B-E9DE-4131-ACA5-04D587EC004E}.Release|x86.ActiveCfg = Release|Any CPU
		{E15F586B-E9DE-4131-ACA5-04D587EC004E}.Release|x86.Build.0 = Release|Any CPU
	EndGlobalSection
	GlobalSection(SolutionProperties) = preSolution
		HideSolutionNode = FALSE
	EndGlobalSection
	GlobalSection(NestedProjects) = preSolution
		{5AECC00D-CC24-4A90-B037-81414758375D} = {17FE7315-3045-4F68-8C66-12B12D79B074}
		{B9CF9891-6F78-4DCE-83EA-35A2E1CE7C2B} = {A9475CA3-35DF-4B79-8E5F-DABE6E446104}
		{E15F586B-E9DE-4131-ACA5-04D587EC004E} = {1E997929-C1F4-48D4-A875-49F65A6B8C7B}
	EndGlobalSection
	GlobalSection(ExtensibilityGlobals) = postSolution
		SolutionGuid = {6113A8DF-D49C-4980-9850-74B8A1F70E46}
	EndGlobalSection
EndGlobal
